// !$*UTF8*$!
{
	archiveVersion = 1;
	classes = {
	};
	objectVersion = 46;
	objects = {

/* Begin PBXBuildFile section */
		AB2960ED1C56679C00209900 /* MultipleLineLayout.swift in Sources */ = {isa = PBXBuildFile; fileRef = AB2960EC1C56679B00209900 /* MultipleLineLayout.swift */; };
		C2E44D136F14AD7C88363A45 /* Pods_youtube_app.framework in Frameworks */ = {isa = PBXBuildFile; fileRef = E10531675C713637B1A53911 /* Pods_youtube_app.framework */; };
		E00D136E1C1F4CAC00D23165 /* ImageCache.swift in Sources */ = {isa = PBXBuildFile; fileRef = E00D136D1C1F4CAC00D23165 /* ImageCache.swift */; };
		E0650BA71C147F7000C01495 /* MasterViewController.swift in Sources */ = {isa = PBXBuildFile; fileRef = E0650BA61C147F7000C01495 /* MasterViewController.swift */; };
		E0650BA91C147F8400C01495 /* DetailViewController.swift in Sources */ = {isa = PBXBuildFile; fileRef = E0650BA81C147F8400C01495 /* DetailViewController.swift */; };
		E0650BAD1C14800700C01495 /* Main.storyboard in Resources */ = {isa = PBXBuildFile; fileRef = E0650BAC1C14800700C01495 /* Main.storyboard */; };
		E0650BEF1C1483E200C01495 /* youtube-app.xcdatamodeld in Sources */ = {isa = PBXBuildFile; fileRef = E0650BED1C1483E200C01495 /* youtube-app.xcdatamodeld */; };
		E0A450F51C18BFD0009BD1FA /* VideoCell.swift in Sources */ = {isa = PBXBuildFile; fileRef = E0A450F41C18BFD0009BD1FA /* VideoCell.swift */; };
		E0B1BABC1C1DD90700F25573 /* AutoCompleteTextField.swift in Sources */ = {isa = PBXBuildFile; fileRef = E0B1BABB1C1DD90700F25573 /* AutoCompleteTextField.swift */; };
		E0B1BABE1C1DF64200F25573 /* TappableSubviewNavBar.swift in Sources */ = {isa = PBXBuildFile; fileRef = E0B1BABD1C1DF64200F25573 /* TappableSubviewNavBar.swift */; };
		E0DB3E831C14ED9B00AA691F /* YoutubeBrain.swift in Sources */ = {isa = PBXBuildFile; fileRef = E0DB3E821C14ED9B00AA691F /* YoutubeBrain.swift */; };
		E0E69B9A1BF527BF003870D1 /* AppDelegate.swift in Sources */ = {isa = PBXBuildFile; fileRef = E0E69B991BF527BF003870D1 /* AppDelegate.swift */; };
		E0E69BA31BF527C0003870D1 /* Assets.xcassets in Resources */ = {isa = PBXBuildFile; fileRef = E0E69BA21BF527C0003870D1 /* Assets.xcassets */; };
		E0E69BA61BF527C0003870D1 /* LaunchScreen.storyboard in Resources */ = {isa = PBXBuildFile; fileRef = E0E69BA41BF527C0003870D1 /* LaunchScreen.storyboard */; };
		E0E69BB11BF527C0003870D1 /* youtube_appTests.swift in Sources */ = {isa = PBXBuildFile; fileRef = E0E69BB01BF527C0003870D1 /* youtube_appTests.swift */; };
		E0E69BBC1BF527C0003870D1 /* youtube_appUITests.swift in Sources */ = {isa = PBXBuildFile; fileRef = E0E69BBB1BF527C0003870D1 /* youtube_appUITests.swift */; };
		E0F35DC91BF58E8D00A80F9D /* keys.plist in Resources */ = {isa = PBXBuildFile; fileRef = E0F35DC81BF58E8D00A80F9D /* keys.plist */; };
/* End PBXBuildFile section */

/* Begin PBXContainerItemProxy section */
		E0E69BAD1BF527C0003870D1 /* PBXContainerItemProxy */ = {
			isa = PBXContainerItemProxy;
			containerPortal = E0E69B8E1BF527BF003870D1 /* Project object */;
			proxyType = 1;
			remoteGlobalIDString = E0E69B951BF527BF003870D1;
			remoteInfo = "youtube-app";
		};
		E0E69BB81BF527C0003870D1 /* PBXContainerItemProxy */ = {
			isa = PBXContainerItemProxy;
			containerPortal = E0E69B8E1BF527BF003870D1 /* Project object */;
			proxyType = 1;
			remoteGlobalIDString = E0E69B951BF527BF003870D1;
			remoteInfo = "youtube-app";
		};
/* End PBXContainerItemProxy section */

/* Begin PBXFileReference section */
		2607BCB6C3600F9C4ED7D14F /* Pods-youtube-app.debug.xcconfig */ = {isa = PBXFileReference; includeInIndex = 1; lastKnownFileType = text.xcconfig; name = "Pods-youtube-app.debug.xcconfig"; path = "Pods/Target Support Files/Pods-youtube-app/Pods-youtube-app.debug.xcconfig"; sourceTree = "<group>"; };
		732E2BCCE9C5E3E0093E6D2C /* Pods-youtube-app.release.xcconfig */ = {isa = PBXFileReference; includeInIndex = 1; lastKnownFileType = text.xcconfig; name = "Pods-youtube-app.release.xcconfig"; path = "Pods/Target Support Files/Pods-youtube-app/Pods-youtube-app.release.xcconfig"; sourceTree = "<group>"; };
		AB2960EC1C56679B00209900 /* MultipleLineLayout.swift */ = {isa = PBXFileReference; fileEncoding = 4; lastKnownFileType = sourcecode.swift; path = MultipleLineLayout.swift; sourceTree = "<group>"; };
		E00D136D1C1F4CAC00D23165 /* ImageCache.swift */ = {isa = PBXFileReference; fileEncoding = 4; lastKnownFileType = sourcecode.swift; path = ImageCache.swift; sourceTree = "<group>"; };
		E0650BA61C147F7000C01495 /* MasterViewController.swift */ = {isa = PBXFileReference; fileEncoding = 4; lastKnownFileType = sourcecode.swift; path = MasterViewController.swift; sourceTree = "<group>"; };
		E0650BA81C147F8400C01495 /* DetailViewController.swift */ = {isa = PBXFileReference; fileEncoding = 4; lastKnownFileType = sourcecode.swift; path = DetailViewController.swift; sourceTree = "<group>"; };
		E0650BAC1C14800700C01495 /* Main.storyboard */ = {isa = PBXFileReference; fileEncoding = 4; lastKnownFileType = file.storyboard; path = Main.storyboard; sourceTree = "<group>"; };
		E0650BEB1C1483BA00C01495 /* CoreData.framework */ = {isa = PBXFileReference; lastKnownFileType = wrapper.framework; name = CoreData.framework; path = System/Library/Frameworks/CoreData.framework; sourceTree = SDKROOT; };
		E0650BEE1C1483E200C01495 /* youtube-app.xcdatamodel */ = {isa = PBXFileReference; lastKnownFileType = wrapper.xcdatamodel; path = "youtube-app.xcdatamodel"; sourceTree = "<group>"; };
		E0A450F41C18BFD0009BD1FA /* VideoCell.swift */ = {isa = PBXFileReference; fileEncoding = 4; lastKnownFileType = sourcecode.swift; path = VideoCell.swift; sourceTree = "<group>"; };
		E0B1BABB1C1DD90700F25573 /* AutoCompleteTextField.swift */ = {isa = PBXFileReference; fileEncoding = 4; lastKnownFileType = sourcecode.swift; path = AutoCompleteTextField.swift; sourceTree = "<group>"; };
		E0B1BABD1C1DF64200F25573 /* TappableSubviewNavBar.swift */ = {isa = PBXFileReference; fileEncoding = 4; lastKnownFileType = sourcecode.swift; path = TappableSubviewNavBar.swift; sourceTree = "<group>"; };
		E0DB3E821C14ED9B00AA691F /* YoutubeBrain.swift */ = {isa = PBXFileReference; fileEncoding = 4; lastKnownFileType = sourcecode.swift; path = YoutubeBrain.swift; sourceTree = "<group>"; };
		E0E69B961BF527BF003870D1 /* youtube-app.app */ = {isa = PBXFileReference; explicitFileType = wrapper.application; includeInIndex = 0; path = "youtube-app.app"; sourceTree = BUILT_PRODUCTS_DIR; };
		E0E69B991BF527BF003870D1 /* AppDelegate.swift */ = {isa = PBXFileReference; lastKnownFileType = sourcecode.swift; path = AppDelegate.swift; sourceTree = "<group>"; };
		E0E69BA21BF527C0003870D1 /* Assets.xcassets */ = {isa = PBXFileReference; lastKnownFileType = folder.assetcatalog; path = Assets.xcassets; sourceTree = "<group>"; };
		E0E69BA51BF527C0003870D1 /* Base */ = {isa = PBXFileReference; lastKnownFileType = file.storyboard; name = Base; path = Base.lproj/LaunchScreen.storyboard; sourceTree = "<group>"; };
		E0E69BA71BF527C0003870D1 /* Info.plist */ = {isa = PBXFileReference; lastKnownFileType = text.plist.xml; path = Info.plist; sourceTree = "<group>"; };
		E0E69BAC1BF527C0003870D1 /* youtube-appTests.xctest */ = {isa = PBXFileReference; explicitFileType = wrapper.cfbundle; includeInIndex = 0; path = "youtube-appTests.xctest"; sourceTree = BUILT_PRODUCTS_DIR; };
		E0E69BB01BF527C0003870D1 /* youtube_appTests.swift */ = {isa = PBXFileReference; lastKnownFileType = sourcecode.swift; path = youtube_appTests.swift; sourceTree = "<group>"; };
		E0E69BB21BF527C0003870D1 /* Info.plist */ = {isa = PBXFileReference; lastKnownFileType = text.plist.xml; path = Info.plist; sourceTree = "<group>"; };
		E0E69BB71BF527C0003870D1 /* youtube-appUITests.xctest */ = {isa = PBXFileReference; explicitFileType = wrapper.cfbundle; includeInIndex = 0; path = "youtube-appUITests.xctest"; sourceTree = BUILT_PRODUCTS_DIR; };
		E0E69BBB1BF527C0003870D1 /* youtube_appUITests.swift */ = {isa = PBXFileReference; lastKnownFileType = sourcecode.swift; path = youtube_appUITests.swift; sourceTree = "<group>"; };
		E0E69BBD1BF527C0003870D1 /* Info.plist */ = {isa = PBXFileReference; lastKnownFileType = text.plist.xml; path = Info.plist; sourceTree = "<group>"; };
		E0F35DC81BF58E8D00A80F9D /* keys.plist */ = {isa = PBXFileReference; fileEncoding = 4; lastKnownFileType = text.plist.xml; path = keys.plist; sourceTree = "<group>"; };
		E10531675C713637B1A53911 /* Pods_youtube_app.framework */ = {isa = PBXFileReference; explicitFileType = wrapper.framework; includeInIndex = 0; path = Pods_youtube_app.framework; sourceTree = BUILT_PRODUCTS_DIR; };
/* End PBXFileReference section */

/* Begin PBXFrameworksBuildPhase section */
		E0E69B931BF527BF003870D1 /* Frameworks */ = {
			isa = PBXFrameworksBuildPhase;
			buildActionMask = 2147483647;
			files = (
				C2E44D136F14AD7C88363A45 /* Pods_youtube_app.framework in Frameworks */,
			);
			runOnlyForDeploymentPostprocessing = 0;
		};
		E0E69BA91BF527C0003870D1 /* Frameworks */ = {
			isa = PBXFrameworksBuildPhase;
			buildActionMask = 2147483647;
			files = (
			);
			runOnlyForDeploymentPostprocessing = 0;
		};
		E0E69BB41BF527C0003870D1 /* Frameworks */ = {
			isa = PBXFrameworksBuildPhase;
			buildActionMask = 2147483647;
			files = (
			);
			runOnlyForDeploymentPostprocessing = 0;
		};
/* End PBXFrameworksBuildPhase section */

/* Begin PBXGroup section */
		07C48323E8B876F354DCECB3 /* Frameworks */ = {
			isa = PBXGroup;
			children = (
				E0650BEB1C1483BA00C01495 /* CoreData.framework */,
				E10531675C713637B1A53911 /* Pods_youtube_app.framework */,
			);
			name = Frameworks;
			sourceTree = "<group>";
		};
		A31922DEAB25FA8A3E8CE491 /* Pods */ = {
			isa = PBXGroup;
			children = (
				2607BCB6C3600F9C4ED7D14F /* Pods-youtube-app.debug.xcconfig */,
				732E2BCCE9C5E3E0093E6D2C /* Pods-youtube-app.release.xcconfig */,
			);
			name = Pods;
			sourceTree = "<group>";
		};
		E0E69B8D1BF527BF003870D1 = {
			isa = PBXGroup;
			children = (
				E0E69B981BF527BF003870D1 /* youtube-app */,
				E0E69BAF1BF527C0003870D1 /* youtube-appTests */,
				E0E69BBA1BF527C0003870D1 /* youtube-appUITests */,
				E0E69B971BF527BF003870D1 /* Products */,
				A31922DEAB25FA8A3E8CE491 /* Pods */,
				07C48323E8B876F354DCECB3 /* Frameworks */,
			);
			sourceTree = "<group>";
		};
		E0E69B971BF527BF003870D1 /* Products */ = {
			isa = PBXGroup;
			children = (
				E0E69B961BF527BF003870D1 /* youtube-app.app */,
				E0E69BAC1BF527C0003870D1 /* youtube-appTests.xctest */,
				E0E69BB71BF527C0003870D1 /* youtube-appUITests.xctest */,
			);
			name = Products;
			sourceTree = "<group>";
		};
		E0E69B981BF527BF003870D1 /* youtube-app */ = {
			isa = PBXGroup;
			children = (
				E0E69B991BF527BF003870D1 /* AppDelegate.swift */,
				E0650BAC1C14800700C01495 /* Main.storyboard */,
				E0B1BABD1C1DF64200F25573 /* TappableSubviewNavBar.swift */,
				E0E69BA21BF527C0003870D1 /* Assets.xcassets */,
				E0E69BA41BF527C0003870D1 /* LaunchScreen.storyboard */,
				E0E69BA71BF527C0003870D1 /* Info.plist */,
				E0F35DC81BF58E8D00A80F9D /* keys.plist */,
				E0650BA61C147F7000C01495 /* MasterViewController.swift */,
				E00D136D1C1F4CAC00D23165 /* ImageCache.swift */,
				E0A450F41C18BFD0009BD1FA /* VideoCell.swift */,
				E0B1BABB1C1DD90700F25573 /* AutoCompleteTextField.swift */,
				E0DB3E821C14ED9B00AA691F /* YoutubeBrain.swift */,
				E0650BA81C147F8400C01495 /* DetailViewController.swift */,
				E0650BED1C1483E200C01495 /* youtube-app.xcdatamodeld */,
				AB2960EC1C56679B00209900 /* MultipleLineLayout.swift */,
			);
			path = "youtube-app";
			sourceTree = "<group>";
		};
		E0E69BAF1BF527C0003870D1 /* youtube-appTests */ = {
			isa = PBXGroup;
			children = (
				E0E69BB01BF527C0003870D1 /* youtube_appTests.swift */,
				E0E69BB21BF527C0003870D1 /* Info.plist */,
			);
			path = "youtube-appTests";
			sourceTree = "<group>";
		};
		E0E69BBA1BF527C0003870D1 /* youtube-appUITests */ = {
			isa = PBXGroup;
			children = (
				E0E69BBB1BF527C0003870D1 /* youtube_appUITests.swift */,
				E0E69BBD1BF527C0003870D1 /* Info.plist */,
			);
			path = "youtube-appUITests";
			sourceTree = "<group>";
		};
/* End PBXGroup section */

/* Begin PBXNativeTarget section */
		E0E69B951BF527BF003870D1 /* youtube-app */ = {
			isa = PBXNativeTarget;
			buildConfigurationList = E0E69BC01BF527C0003870D1 /* Build configuration list for PBXNativeTarget "youtube-app" */;
			buildPhases = (
				4F5F8449D4460DE5BBC6FE9C /* Check Pods Manifest.lock */,
				E0E69B921BF527BF003870D1 /* Sources */,
				E0E69B931BF527BF003870D1 /* Frameworks */,
				E0E69B941BF527BF003870D1 /* Resources */,
				523AF56F076BC655F1A7F110 /* Embed Pods Frameworks */,
				D2AE21F366B83AFB850800CB /* Copy Pods Resources */,
			);
			buildRules = (
			);
			dependencies = (
			);
			name = "youtube-app";
			productName = "youtube-app";
			productReference = E0E69B961BF527BF003870D1 /* youtube-app.app */;
			productType = "com.apple.product-type.application";
		};
		E0E69BAB1BF527C0003870D1 /* youtube-appTests */ = {
			isa = PBXNativeTarget;
			buildConfigurationList = E0E69BC31BF527C0003870D1 /* Build configuration list for PBXNativeTarget "youtube-appTests" */;
			buildPhases = (
				E0E69BA81BF527C0003870D1 /* Sources */,
				E0E69BA91BF527C0003870D1 /* Frameworks */,
				E0E69BAA1BF527C0003870D1 /* Resources */,
			);
			buildRules = (
			);
			dependencies = (
				E0E69BAE1BF527C0003870D1 /* PBXTargetDependency */,
			);
			name = "youtube-appTests";
			productName = "youtube-appTests";
			productReference = E0E69BAC1BF527C0003870D1 /* youtube-appTests.xctest */;
			productType = "com.apple.product-type.bundle.unit-test";
		};
		E0E69BB61BF527C0003870D1 /* youtube-appUITests */ = {
			isa = PBXNativeTarget;
			buildConfigurationList = E0E69BC61BF527C0003870D1 /* Build configuration list for PBXNativeTarget "youtube-appUITests" */;
			buildPhases = (
				E0E69BB31BF527C0003870D1 /* Sources */,
				E0E69BB41BF527C0003870D1 /* Frameworks */,
				E0E69BB51BF527C0003870D1 /* Resources */,
			);
			buildRules = (
			);
			dependencies = (
				E0E69BB91BF527C0003870D1 /* PBXTargetDependency */,
			);
			name = "youtube-appUITests";
			productName = "youtube-appUITests";
			productReference = E0E69BB71BF527C0003870D1 /* youtube-appUITests.xctest */;
			productType = "com.apple.product-type.bundle.ui-testing";
		};
/* End PBXNativeTarget section */

/* Begin PBXProject section */
		E0E69B8E1BF527BF003870D1 /* Project object */ = {
			isa = PBXProject;
			attributes = {
				LastSwiftUpdateCheck = 0710;
				LastUpgradeCheck = 0710;
				ORGANIZATIONNAME = "University of Vienna";
				TargetAttributes = {
					E0E69B951BF527BF003870D1 = {
						CreatedOnToolsVersion = 7.1.1;
						DevelopmentTeam = 68EN624LSJ;
					};
					E0E69BAB1BF527C0003870D1 = {
						CreatedOnToolsVersion = 7.1.1;
						TestTargetID = E0E69B951BF527BF003870D1;
					};
					E0E69BB61BF527C0003870D1 = {
						CreatedOnToolsVersion = 7.1.1;
						TestTargetID = E0E69B951BF527BF003870D1;
					};
				};
			};
			buildConfigurationList = E0E69B911BF527BF003870D1 /* Build configuration list for PBXProject "youtube-app" */;
			compatibilityVersion = "Xcode 3.2";
			developmentRegion = English;
			hasScannedForEncodings = 0;
			knownRegions = (
				en,
				Base,
			);
			mainGroup = E0E69B8D1BF527BF003870D1;
			productRefGroup = E0E69B971BF527BF003870D1 /* Products */;
			projectDirPath = "";
			projectRoot = "";
			targets = (
				E0E69B951BF527BF003870D1 /* youtube-app */,
				E0E69BAB1BF527C0003870D1 /* youtube-appTests */,
				E0E69BB61BF527C0003870D1 /* youtube-appUITests */,
			);
		};
/* End PBXProject section */

/* Begin PBXResourcesBuildPhase section */
		E0E69B941BF527BF003870D1 /* Resources */ = {
			isa = PBXResourcesBuildPhase;
			buildActionMask = 2147483647;
			files = (
				E0F35DC91BF58E8D00A80F9D /* keys.plist in Resources */,
				E0E69BA61BF527C0003870D1 /* LaunchScreen.storyboard in Resources */,
				E0650BAD1C14800700C01495 /* Main.storyboard in Resources */,
				E0E69BA31BF527C0003870D1 /* Assets.xcassets in Resources */,
			);
			runOnlyForDeploymentPostprocessing = 0;
		};
		E0E69BAA1BF527C0003870D1 /* Resources */ = {
			isa = PBXResourcesBuildPhase;
			buildActionMask = 2147483647;
			files = (
			);
			runOnlyForDeploymentPostprocessing = 0;
		};
		E0E69BB51BF527C0003870D1 /* Resources */ = {
			isa = PBXResourcesBuildPhase;
			buildActionMask = 2147483647;
			files = (
			);
			runOnlyForDeploymentPostprocessing = 0;
		};
/* End PBXResourcesBuildPhase section */

/* Begin PBXShellScriptBuildPhase section */
		4F5F8449D4460DE5BBC6FE9C /* Check Pods Manifest.lock */ = {
			isa = PBXShellScriptBuildPhase;
			buildActionMask = 2147483647;
			files = (
			);
			inputPaths = (
			);
			name = "Check Pods Manifest.lock";
			outputPaths = (
			);
			runOnlyForDeploymentPostprocessing = 0;
			shellPath = /bin/sh;
			shellScript = "diff \"${PODS_ROOT}/../Podfile.lock\" \"${PODS_ROOT}/Manifest.lock\" > /dev/null\nif [[ $? != 0 ]] ; then\n    cat << EOM\nerror: The sandbox is not in sync with the Podfile.lock. Run 'pod install' or update your CocoaPods installation.\nEOM\n    exit 1\nfi\n";
			showEnvVarsInLog = 0;
		};
		523AF56F076BC655F1A7F110 /* Embed Pods Frameworks */ = {
			isa = PBXShellScriptBuildPhase;
			buildActionMask = 2147483647;
			files = (
			);
			inputPaths = (
			);
			name = "Embed Pods Frameworks";
			outputPaths = (
			);
			runOnlyForDeploymentPostprocessing = 0;
			shellPath = /bin/sh;
			shellScript = "\"${SRCROOT}/Pods/Target Support Files/Pods-youtube-app/Pods-youtube-app-frameworks.sh\"\n";
			showEnvVarsInLog = 0;
		};
		D2AE21F366B83AFB850800CB /* Copy Pods Resources */ = {
			isa = PBXShellScriptBuildPhase;
			buildActionMask = 2147483647;
			files = (
			);
			inputPaths = (
			);
			name = "Copy Pods Resources";
			outputPaths = (
			);
			runOnlyForDeploymentPostprocessing = 0;
			shellPath = /bin/sh;
			shellScript = "\"${SRCROOT}/Pods/Target Support Files/Pods-youtube-app/Pods-youtube-app-resources.sh\"\n";
			showEnvVarsInLog = 0;
		};
/* End PBXShellScriptBuildPhase section */

/* Begin PBXSourcesBuildPhase section */
		E0E69B921BF527BF003870D1 /* Sources */ = {
			isa = PBXSourcesBuildPhase;
			buildActionMask = 2147483647;
			files = (
				E0650BA71C147F7000C01495 /* MasterViewController.swift in Sources */,
				AB2960ED1C56679C00209900 /* MultipleLineLayout.swift in Sources */,
				E0A450F51C18BFD0009BD1FA /* VideoCell.swift in Sources */,
				E0B1BABC1C1DD90700F25573 /* AutoCompleteTextField.swift in Sources */,
				E00D136E1C1F4CAC00D23165 /* ImageCache.swift in Sources */,
				E0650BEF1C1483E200C01495 /* youtube-app.xcdatamodeld in Sources */,
				E0DB3E831C14ED9B00AA691F /* YoutubeBrain.swift in Sources */,
				E0650BA91C147F8400C01495 /* DetailViewController.swift in Sources */,
				E0B1BABE1C1DF64200F25573 /* TappableSubviewNavBar.swift in Sources */,
				E0E69B9A1BF527BF003870D1 /* AppDelegate.swift in Sources */,
			);
			runOnlyForDeploymentPostprocessing = 0;
		};
		E0E69BA81BF527C0003870D1 /* Sources */ = {
			isa = PBXSourcesBuildPhase;
			buildActionMask = 2147483647;
			files = (
				E0E69BB11BF527C0003870D1 /* youtube_appTests.swift in Sources */,
			);
			runOnlyForDeploymentPostprocessing = 0;
		};
		E0E69BB31BF527C0003870D1 /* Sources */ = {
			isa = PBXSourcesBuildPhase;
			buildActionMask = 2147483647;
			files = (
				E0E69BBC1BF527C0003870D1 /* youtube_appUITests.swift in Sources */,
			);
			runOnlyForDeploymentPostprocessing = 0;
		};
/* End PBXSourcesBuildPhase section */

/* Begin PBXTargetDependency section */
		E0E69BAE1BF527C0003870D1 /* PBXTargetDependency */ = {
			isa = PBXTargetDependency;
			target = E0E69B951BF527BF003870D1 /* youtube-app */;
			targetProxy = E0E69BAD1BF527C0003870D1 /* PBXContainerItemProxy */;
		};
		E0E69BB91BF527C0003870D1 /* PBXTargetDependency */ = {
			isa = PBXTargetDependency;
			target = E0E69B951BF527BF003870D1 /* youtube-app */;
			targetProxy = E0E69BB81BF527C0003870D1 /* PBXContainerItemProxy */;
		};
/* End PBXTargetDependency section */

/* Begin PBXVariantGroup section */
		E0E69BA41BF527C0003870D1 /* LaunchScreen.storyboard */ = {
			isa = PBXVariantGroup;
			children = (
				E0E69BA51BF527C0003870D1 /* Base */,
			);
			name = LaunchScreen.storyboard;
			sourceTree = "<group>";
		};
/* End PBXVariantGroup section */

/* Begin XCBuildConfiguration section */
		E0E69BBE1BF527C0003870D1 /* Debug */ = {
			isa = XCBuildConfiguration;
			buildSettings = {
				ALWAYS_SEARCH_USER_PATHS = NO;
				CLANG_CXX_LANGUAGE_STANDARD = "gnu++0x";
				CLANG_CXX_LIBRARY = "libc++";
				CLANG_ENABLE_MODULES = YES;
				CLANG_ENABLE_OBJC_ARC = YES;
				CLANG_WARN_BOOL_CONVERSION = YES;
				CLANG_WARN_CONSTANT_CONVERSION = YES;
				CLANG_WARN_DIRECT_OBJC_ISA_USAGE = YES_ERROR;
				CLANG_WARN_EMPTY_BODY = YES;
				CLANG_WARN_ENUM_CONVERSION = YES;
				CLANG_WARN_INT_CONVERSION = YES;
				CLANG_WARN_OBJC_ROOT_CLASS = YES_ERROR;
				CLANG_WARN_UNREACHABLE_CODE = YES;
				CLANG_WARN__DUPLICATE_METHOD_MATCH = YES;
				"CODE_SIGN_IDENTITY[sdk=iphoneos*]" = "iPhone Developer";
				COPY_PHASE_STRIP = NO;
				DEBUG_INFORMATION_FORMAT = dwarf;
				ENABLE_STRICT_OBJC_MSGSEND = YES;
				ENABLE_TESTABILITY = YES;
				GCC_C_LANGUAGE_STANDARD = gnu99;
				GCC_DYNAMIC_NO_PIC = NO;
				GCC_NO_COMMON_BLOCKS = YES;
				GCC_OPTIMIZATION_LEVEL = 0;
				GCC_PREPROCESSOR_DEFINITIONS = (
					"DEBUG=1",
					"$(inherited)",
				);
				GCC_WARN_64_TO_32_BIT_CONVERSION = YES;
				GCC_WARN_ABOUT_RETURN_TYPE = YES_ERROR;
				GCC_WARN_UNDECLARED_SELECTOR = YES;
				GCC_WARN_UNINITIALIZED_AUTOS = YES_AGGRESSIVE;
				GCC_WARN_UNUSED_FUNCTION = YES;
				GCC_WARN_UNUSED_VARIABLE = YES;
				IPHONEOS_DEPLOYMENT_TARGET = 9.1;
				MTL_ENABLE_DEBUG_INFO = YES;
				ONLY_ACTIVE_ARCH = YES;
				SDKROOT = iphoneos;
				SWIFT_OPTIMIZATION_LEVEL = "-Onone";
				TARGETED_DEVICE_FAMILY = "1,2";
			};
			name = Debug;
		};
		E0E69BBF1BF527C0003870D1 /* Release */ = {
			isa = XCBuildConfiguration;
			buildSettings = {
				ALWAYS_SEARCH_USER_PATHS = NO;
				CLANG_CXX_LANGUAGE_STANDARD = "gnu++0x";
				CLANG_CXX_LIBRARY = "libc++";
				CLANG_ENABLE_MODULES = YES;
				CLANG_ENABLE_OBJC_ARC = YES;
				CLANG_WARN_BOOL_CONVERSION = YES;
				CLANG_WARN_CONSTANT_CONVERSION = YES;
				CLANG_WARN_DIRECT_OBJC_ISA_USAGE = YES_ERROR;
				CLANG_WARN_EMPTY_BODY = YES;
				CLANG_WARN_ENUM_CONVERSION = YES;
				CLANG_WARN_INT_CONVERSION = YES;
				CLANG_WARN_OBJC_ROOT_CLASS = YES_ERROR;
				CLANG_WARN_UNREACHABLE_CODE = YES;
				CLANG_WARN__DUPLICATE_METHOD_MATCH = YES;
				"CODE_SIGN_IDENTITY[sdk=iphoneos*]" = "iPhone Developer";
				COPY_PHASE_STRIP = NO;
				DEBUG_INFORMATION_FORMAT = "dwarf-with-dsym";
				ENABLE_NS_ASSERTIONS = NO;
				ENABLE_STRICT_OBJC_MSGSEND = YES;
				GCC_C_LANGUAGE_STANDARD = gnu99;
				GCC_NO_COMMON_BLOCKS = YES;
				GCC_WARN_64_TO_32_BIT_CONVERSION = YES;
				GCC_WARN_ABOUT_RETURN_TYPE = YES_ERROR;
				GCC_WARN_UNDECLARED_SELECTOR = YES;
				GCC_WARN_UNINITIALIZED_AUTOS = YES_AGGRESSIVE;
				GCC_WARN_UNUSED_FUNCTION = YES;
				GCC_WARN_UNUSED_VARIABLE = YES;
				IPHONEOS_DEPLOYMENT_TARGET = 9.1;
				MTL_ENABLE_DEBUG_INFO = NO;
				SDKROOT = iphoneos;
				TARGETED_DEVICE_FAMILY = "1,2";
				VALIDATE_PRODUCT = YES;
			};
			name = Release;
		};
		E0E69BC11BF527C0003870D1 /* Debug */ = {
			isa = XCBuildConfiguration;
			baseConfigurationReference = 2607BCB6C3600F9C4ED7D14F /* Pods-youtube-app.debug.xcconfig */;
			buildSettings = {
				ASSETCATALOG_COMPILER_APPICON_NAME = AppIcon;
				CODE_SIGN_IDENTITY = "iPhone Developer";
				INFOPLIST_FILE = "youtube-app/Info.plist";
				LD_RUNPATH_SEARCH_PATHS = "$(inherited) @executable_path/Frameworks";
				PRODUCT_BUNDLE_IDENTIFIER = "univie.pae.youtube-app";
				PRODUCT_NAME = "$(TARGET_NAME)";
				SWIFT_OBJC_BRIDGING_HEADER = "";
			};
			name = Debug;
		};
		E0E69BC21BF527C0003870D1 /* Release */ = {
			isa = XCBuildConfiguration;
			baseConfigurationReference = 732E2BCCE9C5E3E0093E6D2C /* Pods-youtube-app.release.xcconfig */;
			buildSettings = {
				ASSETCATALOG_COMPILER_APPICON_NAME = AppIcon;
				CODE_SIGN_IDENTITY = "iPhone Developer";
				INFOPLIST_FILE = "youtube-app/Info.plist";
				LD_RUNPATH_SEARCH_PATHS = "$(inherited) @executable_path/Frameworks";
				PRODUCT_BUNDLE_IDENTIFIER = "univie.pae.youtube-app";
				PRODUCT_NAME = "$(TARGET_NAME)";
				SWIFT_OBJC_BRIDGING_HEADER = "";
			};
			name = Release;
		};
		E0E69BC41BF527C0003870D1 /* Debug */ = {
			isa = XCBuildConfiguration;
			buildSettings = {
				BUNDLE_LOADER = "$(TEST_HOST)";
				INFOPLIST_FILE = "youtube-appTests/Info.plist";
				LD_RUNPATH_SEARCH_PATHS = "$(inherited) @executable_path/Frameworks @loader_path/Frameworks";
				PRODUCT_BUNDLE_IDENTIFIER = "univie.pae.youtube-appTests";
				PRODUCT_NAME = "$(TARGET_NAME)";
				TEST_HOST = "$(BUILT_PRODUCTS_DIR)/youtube-app.app/youtube-app";
			};
			name = Debug;
		};
		E0E69BC51BF527C0003870D1 /* Release */ = {
			isa = XCBuildConfiguration;
			buildSettings = {
				BUNDLE_LOADER = "$(TEST_HOST)";
				INFOPLIST_FILE = "youtube-appTests/Info.plist";
				LD_RUNPATH_SEARCH_PATHS = "$(inherited) @executable_path/Frameworks @loader_path/Frameworks";
				PRODUCT_BUNDLE_IDENTIFIER = "univie.pae.youtube-appTests";
				PRODUCT_NAME = "$(TARGET_NAME)";
				TEST_HOST = "$(BUILT_PRODUCTS_DIR)/youtube-app.app/youtube-app";
			};
			name = Release;
		};
		E0E69BC71BF527C0003870D1 /* Debug */ = {
			isa = XCBuildConfiguration;
			buildSettings = {
				INFOPLIST_FILE = "youtube-appUITests/Info.plist";
				LD_RUNPATH_SEARCH_PATHS = "$(inherited) @executable_path/Frameworks @loader_path/Frameworks";
				PRODUCT_BUNDLE_IDENTIFIER = "univie.pae.youtube-appUITests";
				PRODUCT_NAME = "$(TARGET_NAME)";
				TEST_TARGET_NAME = "youtube-app";
				USES_XCTRUNNER = YES;
			};
			name = Debug;
		};
		E0E69BC81BF527C0003870D1 /* Release */ = {
			isa = XCBuildConfiguration;
			buildSettings = {
				INFOPLIST_FILE = "youtube-appUITests/Info.plist";
				LD_RUNPATH_SEARCH_PATHS = "$(inherited) @executable_path/Frameworks @loader_path/Frameworks";
				PRODUCT_BUNDLE_IDENTIFIER = "univie.pae.youtube-appUITests";
				PRODUCT_NAME = "$(TARGET_NAME)";
				TEST_TARGET_NAME = "youtube-app";
				USES_XCTRUNNER = YES;
			};
			name = Release;
		};
/* End XCBuildConfiguration section */

/* Begin XCConfigurationList section */
		E0E69B911BF527BF003870D1 /* Build configuration list for PBXProject "youtube-app" */ = {
			isa = XCConfigurationList;
			buildConfigurations = (
				E0E69BBE1BF527C0003870D1 /* Debug */,
				E0E69BBF1BF527C0003870D1 /* Release */,
			);
			defaultConfigurationIsVisible = 0;
			defaultConfigurationName = Release;
		};
		E0E69BC01BF527C0003870D1 /* Build configuration list for PBXNativeTarget "youtube-app" */ = {
			isa = XCConfigurationList;
			buildConfigurations = (
				E0E69BC11BF527C0003870D1 /* Debug */,
				E0E69BC21BF527C0003870D1 /* Release */,
			);
			defaultConfigurationIsVisible = 0;
			defaultConfigurationName = Release;
		};
		E0E69BC31BF527C0003870D1 /* Build configuration list for PBXNativeTarget "youtube-appTests" */ = {
			isa = XCConfigurationList;
			buildConfigurations = (
				E0E69BC41BF527C0003870D1 /* Debug */,
				E0E69BC51BF527C0003870D1 /* Release */,
			);
			defaultConfigurationIsVisible = 0;
			defaultConfigurationName = Release;
		};
		E0E69BC61BF527C0003870D1 /* Build configuration list for PBXNativeTarget "youtube-appUITests" */ = {
			isa = XCConfigurationList;
			buildConfigurations = (
				E0E69BC71BF527C0003870D1 /* Debug */,
				E0E69BC81BF527C0003870D1 /* Release */,
			);
			defaultConfigurationIsVisible = 0;
			defaultConfigurationName = Release;
		};
/* End XCConfigurationList section */

/* Begin XCVersionGroup section */
		E0650BED1C1483E200C01495 /* youtube-app.xcdatamodeld */ = {
			isa = XCVersionGroup;
			children = (
				E0650BEE1C1483E200C01495 /* youtube-app.xcdatamodel */,
			);
			currentVersion = E0650BEE1C1483E200C01495 /* youtube-app.xcdatamodel */;
			path = "youtube-app.xcdatamodeld";
			sourceTree = "<group>";
			versionGroupType = wrapper.xcdatamodel;
		};
/* End XCVersionGroup section */
	};
	rootObject = E0E69B8E1BF527BF003870D1 /* Project object */;
}
